
Microsoft Visual Studio Solution File, Format Version 12.00
# Visual Studio Version 16
VisualStudioVersion = 16.0.30803.129
MinimumVisualStudioVersion = 10.0.40219.1
Project("{FAE04EC0-301F-11D3-BF4B-00C04F79EFBC}") = "ConnectMongoDB", "ConnectMongoDB\ConnectMongoDB.csproj", "{DADC2BE6-899B-4AB3-869F-6F0FB7368A7E}"
EndProject
Global
	GlobalSection(SolutionConfigurationPlatforms) = preSolution
		Debug|Any CPU = Debug|Any CPU
		Release|Any CPU = Release|Any CPU
	EndGlobalSection
	GlobalSection(ProjectConfigurationPlatforms) = postSolution
		{DADC2BE6-899B-4AB3-869F-6F0FB7368A7E}.Debug|Any CPU.ActiveCfg = Debug|Any CPU
		{DADC2BE6-899B-4AB3-869F-6F0FB7368A7E}.Debug|Any CPU.Build.0 = Debug|Any CPU
		{DADC2BE6-899B-4AB3-869F-6F0FB7368A7E}.Release|Any CPU.ActiveCfg = Release|Any CPU
		{DADC2BE6-899B-4AB3-869F-6F0FB7368A7E}.Release|Any CPU.Build.0 = Release|Any CPU
	EndGlobalSection
	GlobalSection(SolutionProperties) = preSolution
		HideSolutionNode = FALSE
	EndGlobalSection
	GlobalSection(ExtensibilityGlobals) = postSolution
		SolutionGuid = {C93E2341-08C6-41FA-ABD0-00DB9D6E532C}
	EndGlobalSection
EndGlobal
